
Microsoft Visual Studio Solution File, Format Version 12.00
# Visual Studio 14
VisualStudioVersion = 14.0.25420.1
MinimumVisualStudioVersion = 10.0.40219.1
Project("{FAE04EC0-301F-11D3-BF4B-00C04F79EFBC}") = "PurchasesAnalysis.UI", "PurchasesAnalysis\PurchasesAnalysis.UI.csproj", "{CE7CA924-D02D-417E-BE62-8F49A1C3E828}"
EndProject
Project("{FAE04EC0-301F-11D3-BF4B-00C04F79EFBC}") = "DBConnector", "DBConnector\DBConnector.csproj", "{24CF74F6-BE80-48B3-B72F-3A1F22098F14}"
EndProject
Project("{FAE04EC0-301F-11D3-BF4B-00C04F79EFBC}") = "AppControls", "AppControls\AppControls.csproj", "{C72818F1-E21E-49C0-8234-4CEAE2709D97}"
EndProject
Project("{FAE04EC0-301F-11D3-BF4B-00C04F79EFBC}") = "PurchasesAnalysis.Core", "PurchasesAnalysis.Core\PurchasesAnalysis.Core.csproj", "{DAFE8294-FCD9-4E86-9524-AA0851174DFD}"
EndProject
Global
	GlobalSection(SolutionConfigurationPlatforms) = preSolution
		Debug|Any CPU = Debug|Any CPU
		Release|Any CPU = Release|Any CPU
	EndGlobalSection
	GlobalSection(ProjectConfigurationPlatforms) = postSolution
		{CE7CA924-D02D-417E-BE62-8F49A1C3E828}.Debug|Any CPU.ActiveCfg = Debug|Any CPU
		{CE7CA924-D02D-417E-BE62-8F49A1C3E828}.Debug|Any CPU.Build.0 = Debug|Any CPU
		{CE7CA924-D02D-417E-BE62-8F49A1C3E828}.Release|Any CPU.ActiveCfg = Release|Any CPU
		{CE7CA924-D02D-417E-BE62-8F49A1C3E828}.Release|Any CPU.Build.0 = Release|Any CPU
		{24CF74F6-BE80-48B3-B72F-3A1F22098F14}.Debug|Any CPU.ActiveCfg = Debug|Any CPU
		{24CF74F6-BE80-48B3-B72F-3A1F22098F14}.Debug|Any CPU.Build.0 = Debug|Any CPU
		{24CF74F6-BE80-48B3-B72F-3A1F22098F14}.Release|Any CPU.ActiveCfg = Release|Any CPU
		{24CF74F6-BE80-48B3-B72F-3A1F22098F14}.Release|Any CPU.Build.0 = Release|Any CPU
		{C72818F1-E21E-49C0-8234-4CEAE2709D97}.Debug|Any CPU.ActiveCfg = Debug|Any CPU
		{C72818F1-E21E-49C0-8234-4CEAE2709D97}.Debug|Any CPU.Build.0 = Debug|Any CPU
		{C72818F1-E21E-49C0-8234-4CEAE2709D97}.Release|Any CPU.ActiveCfg = Release|Any CPU
		{C72818F1-E21E-49C0-8234-4CEAE2709D97}.Release|Any CPU.Build.0 = Release|Any CPU
		{DAFE8294-FCD9-4E86-9524-AA0851174DFD}.Debug|Any CPU.ActiveCfg = Debug|Any CPU
		{DAFE8294-FCD9-4E86-9524-AA0851174DFD}.Debug|Any CPU.Build.0 = Debug|Any CPU
		{DAFE8294-FCD9-4E86-9524-AA0851174DFD}.Release|Any CPU.ActiveCfg = Release|Any CPU
		{DAFE8294-FCD9-4E86-9524-AA0851174DFD}.Release|Any CPU.Build.0 = Release|Any CPU
	EndGlobalSection
	GlobalSection(SolutionProperties) = preSolution
		HideSolutionNode = FALSE
	EndGlobalSection
EndGlobal
